
Microsoft Visual Studio Solution File, Format Version 12.00
# Visual Studio Version 16
VisualStudioVersion = 16.0.30621.155
MinimumVisualStudioVersion = 10.0.40219.1
Project("{FAE04EC0-301F-11D3-BF4B-00C04F79EFBC}") = "questao001", "questao001\questao001.csproj", "{121FDDA5-A0A8-4F75-8350-8F1016767493}"
EndProject
Global
	GlobalSection(SolutionConfigurationPlatforms) = preSolution
		Debug|Any CPU = Debug|Any CPU
		Release|Any CPU = Release|Any CPU
	EndGlobalSection
	GlobalSection(ProjectConfigurationPlatforms) = postSolution
		{121FDDA5-A0A8-4F75-8350-8F1016767493}.Debug|Any CPU.ActiveCfg = Debug|Any CPU
		{121FDDA5-A0A8-4F75-8350-8F1016767493}.Debug|Any CPU.Build.0 = Debug|Any CPU
		{121FDDA5-A0A8-4F75-8350-8F1016767493}.Release|Any CPU.ActiveCfg = Release|Any CPU
		{121FDDA5-A0A8-4F75-8350-8F1016767493}.Release|Any CPU.Build.0 = Release|Any CPU
	EndGlobalSection
	GlobalSection(SolutionProperties) = preSolution
		HideSolutionNode = FALSE
	EndGlobalSection
	GlobalSection(ExtensibilityGlobals) = postSolution
		SolutionGuid = {7C51203E-8E1D-4EC9-AB77-B5463B1263DD}
	EndGlobalSection
EndGlobal
